
Microsoft Visual Studio Solution File, Format Version 12.00
# Visual Studio Version 16
VisualStudioVersion = 16.0.29102.190
MinimumVisualStudioVersion = 10.0.40219.1
Project("{FAE04EC0-301F-11D3-BF4B-00C04F79EFBC}") = "ExampleTest", "ExampleTest.csproj", "{F2190ADD-1192-437D-BA79-BF3D2E0C86A4}"
EndProject
Global
	GlobalSection(SolutionConfigurationPlatforms) = preSolution
		Debug|Any CPU = Debug|Any CPU
		Release|Any CPU = Release|Any CPU
	EndGlobalSection
	GlobalSection(ProjectConfigurationPlatforms) = postSolution
		{F2190ADD-1192-437D-BA79-BF3D2E0C86A4}.Debug|Any CPU.ActiveCfg = Debug|Any CPU
		{F2190ADD-1192-437D-BA79-BF3D2E0C86A4}.Debug|Any CPU.Build.0 = Debug|Any CPU
		{F2190ADD-1192-437D-BA79-BF3D2E0C86A4}.Release|Any CPU.ActiveCfg = Release|Any CPU
		{F2190ADD-1192-437D-BA79-BF3D2E0C86A4}.Release|Any CPU.Build.0 = Release|Any CPU
	EndGlobalSection
	GlobalSection(SolutionProperties) = preSolution
		HideSolutionNode = FALSE
	EndGlobalSection
	GlobalSection(ExtensibilityGlobals) = postSolution
		SolutionGuid = {59F3B8AB-9B1A-423A-9502-4CF44FE59706}
	EndGlobalSection
EndGlobal
